dependencies:
- name: common
  repository: https://charts.bitnami.com/bitnami
  version: 2.27.0
- name: backstage
  repository: https://backstage.github.io/charts
  version: 2.3.1
digest: sha256:c5717902cfcc4a4b71cf12dde0a47fd59125c866d220928675419ea6650c38c3
generated: "2025-02-10T13:09:19.890218137Z"
